
Microsoft Visual Studio Solution File, Format Version 12.00
# Visual Studio Version 17
VisualStudioVersion = 17.8.34525.116
MinimumVisualStudioVersion = 10.0.40219.1
Project("{9A19103F-16F7-4668-BE54-9A1E7A4F7556}") = "Workaround", "Workaround\Workaround.csproj", "{AD64A6E2-6F8E-4D1C-960B-F0042E19C6C5}"
EndProject
Project("{9A19103F-16F7-4668-BE54-9A1E7A4F7556}") = "Entities", "Entities\Entities.csproj", "{37042E2E-6C67-437F-8D4A-6AD22B36D405}"
EndProject
Project("{FAE04EC0-301F-11D3-BF4B-00C04F79EFBC}") = "Business", "Business\Business.csproj", "{A1BB28D1-BF15-462F-B0AA-12F4D5DD6452}"
EndProject
Global
	GlobalSection(SolutionConfigurationPlatforms) = preSolution
		Debug|Any CPU = Debug|Any CPU
		Release|Any CPU = Release|Any CPU
	EndGlobalSection
	GlobalSection(ProjectConfigurationPlatforms) = postSolution
		{AD64A6E2-6F8E-4D1C-960B-F0042E19C6C5}.Debug|Any CPU.ActiveCfg = Debug|Any CPU
		{AD64A6E2-6F8E-4D1C-960B-F0042E19C6C5}.Debug|Any CPU.Build.0 = Debug|Any CPU
		{AD64A6E2-6F8E-4D1C-960B-F0042E19C6C5}.Release|Any CPU.ActiveCfg = Release|Any CPU
		{AD64A6E2-6F8E-4D1C-960B-F0042E19C6C5}.Release|Any CPU.Build.0 = Release|Any CPU
		{37042E2E-6C67-437F-8D4A-6AD22B36D405}.Debug|Any CPU.ActiveCfg = Debug|Any CPU
		{37042E2E-6C67-437F-8D4A-6AD22B36D405}.Debug|Any CPU.Build.0 = Debug|Any CPU
		{37042E2E-6C67-437F-8D4A-6AD22B36D405}.Release|Any CPU.ActiveCfg = Release|Any CPU
		{37042E2E-6C67-437F-8D4A-6AD22B36D405}.Release|Any CPU.Build.0 = Release|Any CPU
		{A1BB28D1-BF15-462F-B0AA-12F4D5DD6452}.Debug|Any CPU.ActiveCfg = Debug|Any CPU
		{A1BB28D1-BF15-462F-B0AA-12F4D5DD6452}.Debug|Any CPU.Build.0 = Debug|Any CPU
		{A1BB28D1-BF15-462F-B0AA-12F4D5DD6452}.Release|Any CPU.ActiveCfg = Release|Any CPU
		{A1BB28D1-BF15-462F-B0AA-12F4D5DD6452}.Release|Any CPU.Build.0 = Release|Any CPU
	EndGlobalSection
	GlobalSection(SolutionProperties) = preSolution
		HideSolutionNode = FALSE
	EndGlobalSection
	GlobalSection(ExtensibilityGlobals) = postSolution
		SolutionGuid = {AAD7CB80-A6BB-42C6-8C2B-DBA1038F39AC}
	EndGlobalSection
EndGlobal
